
Microsoft Visual Studio Solution File, Format Version 12.00
# Visual Studio Version 17
VisualStudioVersion = 17.9.34902.65
MinimumVisualStudioVersion = 10.0.40219.1
Project("{FAE04EC0-301F-11D3-BF4B-00C04F79EFBC}") = "Ekstra", "Ekstra\Ekstra.csproj", "{A5A0F01D-DDC4-4A5D-89F2-56B1232FECE1}"
EndProject
Global
	GlobalSection(SolutionConfigurationPlatforms) = preSolution
		Debug|Any CPU = Debug|Any CPU
		Release|Any CPU = Release|Any CPU
	EndGlobalSection
	GlobalSection(ProjectConfigurationPlatforms) = postSolution
		{A5A0F01D-DDC4-4A5D-89F2-56B1232FECE1}.Debug|Any CPU.ActiveCfg = Debug|Any CPU
		{A5A0F01D-DDC4-4A5D-89F2-56B1232FECE1}.Debug|Any CPU.Build.0 = Debug|Any CPU
		{A5A0F01D-DDC4-4A5D-89F2-56B1232FECE1}.Release|Any CPU.ActiveCfg = Release|Any CPU
		{A5A0F01D-DDC4-4A5D-89F2-56B1232FECE1}.Release|Any CPU.Build.0 = Release|Any CPU
	EndGlobalSection
	GlobalSection(SolutionProperties) = preSolution
		HideSolutionNode = FALSE
	EndGlobalSection
	GlobalSection(ExtensibilityGlobals) = postSolution
		SolutionGuid = {6FD3DA5B-EBDF-48F6-BF18-892AF90347B8}
	EndGlobalSection
EndGlobal
